
Microsoft Visual Studio Solution File, Format Version 12.00
# Visual Studio Version 17
VisualStudioVersion = 17.11.35312.102
MinimumVisualStudioVersion = 10.0.40219.1
Project("{FAE04EC0-301F-11D3-BF4B-00C04F79EFBC}") = "PersonalDiary", "PersonalDiary\PersonalDiary.csproj", "{1B3EF483-200F-4C0C-B430-03A5A6220F99}"
EndProject
Global
	GlobalSection(SolutionConfigurationPlatforms) = preSolution
		Debug|Any CPU = Debug|Any CPU
		Release|Any CPU = Release|Any CPU
	EndGlobalSection
	GlobalSection(ProjectConfigurationPlatforms) = postSolution
		{1B3EF483-200F-4C0C-B430-03A5A6220F99}.Debug|Any CPU.ActiveCfg = Debug|Any CPU
		{1B3EF483-200F-4C0C-B430-03A5A6220F99}.Debug|Any CPU.Build.0 = Debug|Any CPU
		{1B3EF483-200F-4C0C-B430-03A5A6220F99}.Release|Any CPU.ActiveCfg = Release|Any CPU
		{1B3EF483-200F-4C0C-B430-03A5A6220F99}.Release|Any CPU.Build.0 = Release|Any CPU
	EndGlobalSection
	GlobalSection(SolutionProperties) = preSolution
		HideSolutionNode = FALSE
	EndGlobalSection
	GlobalSection(ExtensibilityGlobals) = postSolution
		SolutionGuid = {8A515D85-1443-4B01-8B33-FC1CD6D489CC}
	EndGlobalSection
EndGlobal
